
Microsoft Visual Studio Solution File, Format Version 12.00
# Visual Studio 15
VisualStudioVersion = 15.0.28307.779
MinimumVisualStudioVersion = 10.0.40219.1
Project("{FAE04EC0-301F-11D3-BF4B-00C04F79EFBC}") = "CiboMarket.Android", "CiboMarket\CiboMarket.Android\CiboMarket.Android.csproj", "{DA895E0C-7147-4BA1-8EDA-B76016412870}"
EndProject
Project("{FAE04EC0-301F-11D3-BF4B-00C04F79EFBC}") = "CiboMarket.iOS", "CiboMarket\CiboMarket.iOS\CiboMarket.iOS.csproj", "{2A72B05B-EE95-4840-A213-386199EC1D7C}"
EndProject
Project("{9A19103F-16F7-4668-BE54-9A1E7A4F7556}") = "CiboMarket", "CiboMarket\CiboMarket\CiboMarket.csproj", "{9E510796-1949-40AC-B4AC-20D7890EF633}"
EndProject
Project("{FAE04EC0-301F-11D3-BF4B-00C04F79EFBC}") = "LocalAPI", "LocalAPI\LocalAPI.csproj", "{DD6CD7DC-EF22-4EE3-994A-CB1AFC8D93C7}"
EndProject
Project("{FAE04EC0-301F-11D3-BF4B-00C04F79EFBC}") = "SomeeAPI", "SomeeAPI\SomeeAPI.csproj", "{A74AC7A2-F83D-41C0-87CC-425C80C5B213}"
EndProject
Global
	GlobalSection(SolutionConfigurationPlatforms) = preSolution
		Ad-Hoc|Any CPU = Ad-Hoc|Any CPU
		Ad-Hoc|iPhone = Ad-Hoc|iPhone
		Ad-Hoc|iPhoneSimulator = Ad-Hoc|iPhoneSimulator
		AppStore|Any CPU = AppStore|Any CPU
		AppStore|iPhone = AppStore|iPhone
		AppStore|iPhoneSimulator = AppStore|iPhoneSimulator
		Debug|Any CPU = Debug|Any CPU
		Debug|iPhone = Debug|iPhone
		Debug|iPhoneSimulator = Debug|iPhoneSimulator
		Release|Any CPU = Release|Any CPU
		Release|iPhone = Release|iPhone
		Release|iPhoneSimulator = Release|iPhoneSimulator
	EndGlobalSection
	GlobalSection(ProjectConfigurationPlatforms) = postSolution
		{DA895E0C-7147-4BA1-8EDA-B76016412870}.Ad-Hoc|Any CPU.ActiveCfg = Release|Any CPU
		{DA895E0C-7147-4BA1-8EDA-B76016412870}.Ad-Hoc|Any CPU.Build.0 = Release|Any CPU
		{DA895E0C-7147-4BA1-8EDA-B76016412870}.Ad-Hoc|Any CPU.Deploy.0 = Release|Any CPU
		{DA895E0C-7147-4BA1-8EDA-B76016412870}.Ad-Hoc|iPhone.ActiveCfg = Release|Any CPU
		{DA895E0C-7147-4BA1-8EDA-B76016412870}.Ad-Hoc|iPhone.Build.0 = Release|Any CPU
		{DA895E0C-7147-4BA1-8EDA-B76016412870}.Ad-Hoc|iPhone.Deploy.0 = Release|Any CPU
		{DA895E0C-7147-4BA1-8EDA-B76016412870}.Ad-Hoc|iPhoneSimulator.ActiveCfg = Release|Any CPU
		{DA895E0C-7147-4BA1-8EDA-B76016412870}.Ad-Hoc|iPhoneSimulator.Build.0 = Release|Any CPU
		{DA895E0C-7147-4BA1-8EDA-B76016412870}.Ad-Hoc|iPhoneSimulator.Deploy.0 = Release|Any CPU
		{DA895E0C-7147-4BA1-8EDA-B76016412870}.AppStore|Any CPU.ActiveCfg = Release|Any CPU
		{DA895E0C-7147-4BA1-8EDA-B76016412870}.AppStore|Any CPU.Build.0 = Release|Any CPU
		{DA895E0C-7147-4BA1-8EDA-B76016412870}.AppStore|Any CPU.Deploy.0 = Release|Any CPU
		{DA895E0C-7147-4BA1-8EDA-B76016412870}.AppStore|iPhone.ActiveCfg = Release|Any CPU
		{DA895E0C-7147-4BA1-8EDA-B76016412870}.AppStore|iPhone.Build.0 = Release|Any CPU
		{DA895E0C-7147-4BA1-8EDA-B76016412870}.AppStore|iPhone.Deploy.0 = Release|Any CPU
		{DA895E0C-7147-4BA1-8EDA-B76016412870}.AppStore|iPhoneSimulator.ActiveCfg = Release|Any CPU
		{DA895E0C-7147-4BA1-8EDA-B76016412870}.AppStore|iPhoneSimulator.Build.0 = Release|Any CPU
		{DA895E0C-7147-4BA1-8EDA-B76016412870}.AppStore|iPhoneSimulator.Deploy.0 = Release|Any CPU
		{DA895E0C-7147-4BA1-8EDA-B76016412870}.Debug|Any CPU.ActiveCfg = Debug|Any CPU
		{DA895E0C-7147-4BA1-8EDA-B76016412870}.Debug|Any CPU.Build.0 = Debug|Any CPU
		{DA895E0C-7147-4BA1-8EDA-B76016412870}.Debug|Any CPU.Deploy.0 = Debug|Any CPU
		{DA895E0C-7147-4BA1-8EDA-B76016412870}.Debug|iPhone.ActiveCfg = Debug|Any CPU
		{DA895E0C-7147-4BA1-8EDA-B76016412870}.Debug|iPhone.Build.0 = Debug|Any CPU
		{DA895E0C-7147-4BA1-8EDA-B76016412870}.Debug|iPhone.Deploy.0 = Debug|Any CPU
		{DA895E0C-7147-4BA1-8EDA-B76016412870}.Debug|iPhoneSimulator.ActiveCfg = Debug|Any CPU
		{DA895E0C-7147-4BA1-8EDA-B76016412870}.Debug|iPhoneSimulator.Build.0 = Debug|Any CPU
		{DA895E0C-7147-4BA1-8EDA-B76016412870}.Debug|iPhoneSimulator.Deploy.0 = Debug|Any CPU
		{DA895E0C-7147-4BA1-8EDA-B76016412870}.Release|Any CPU.ActiveCfg = Release|Any CPU
		{DA895E0C-7147-4BA1-8EDA-B76016412870}.Release|Any CPU.Build.0 = Release|Any CPU
		{DA895E0C-7147-4BA1-8EDA-B76016412870}.Release|Any CPU.Deploy.0 = Release|Any CPU
		{DA895E0C-7147-4BA1-8EDA-B76016412870}.Release|iPhone.ActiveCfg = Release|Any CPU
		{DA895E0C-7147-4BA1-8EDA-B76016412870}.Release|iPhone.Build.0 = Release|Any CPU
		{DA895E0C-7147-4BA1-8EDA-B76016412870}.Release|iPhone.Deploy.0 = Release|Any CPU
		{DA895E0C-7147-4BA1-8EDA-B76016412870}.Release|iPhoneSimulator.ActiveCfg = Release|Any CPU
		{DA895E0C-7147-4BA1-8EDA-B76016412870}.Release|iPhoneSimulator.Build.0 = Release|Any CPU
		{DA895E0C-7147-4BA1-8EDA-B76016412870}.Release|iPhoneSimulator.Deploy.0 = Release|Any CPU
		{2A72B05B-EE95-4840-A213-386199EC1D7C}.Ad-Hoc|Any CPU.ActiveCfg = Ad-Hoc|iPhone
		{2A72B05B-EE95-4840-A213-386199EC1D7C}.Ad-Hoc|Any CPU.Build.0 = Ad-Hoc|iPhone
		{2A72B05B-EE95-4840-A213-386199EC1D7C}.Ad-Hoc|Any CPU.Deploy.0 = Ad-Hoc|iPhone
		{2A72B05B-EE95-4840-A213-386199EC1D7C}.Ad-Hoc|iPhone.ActiveCfg = Ad-Hoc|iPhone
		{2A72B05B-EE95-4840-A213-386199EC1D7C}.Ad-Hoc|iPhone.Build.0 = Ad-Hoc|iPhone
		{2A72B05B-EE95-4840-A213-386199EC1D7C}.Ad-Hoc|iPhone.Deploy.0 = Ad-Hoc|iPhone
		{2A72B05B-EE95-4840-A213-386199EC1D7C}.Ad-Hoc|iPhoneSimulator.ActiveCfg = Ad-Hoc|iPhoneSimulator
		{2A72B05B-EE95-4840-A213-386199EC1D7C}.Ad-Hoc|iPhoneSimulator.Build.0 = Ad-Hoc|iPhoneSimulator
		{2A72B05B-EE95-4840-A213-386199EC1D7C}.Ad-Hoc|iPhoneSimulator.Deploy.0 = Ad-Hoc|iPhoneSimulator
		{2A72B05B-EE95-4840-A213-386199EC1D7C}.AppStore|Any CPU.ActiveCfg = AppStore|iPhone
		{2A72B05B-EE95-4840-A213-386199EC1D7C}.AppStore|Any CPU.Build.0 = AppStore|iPhone
		{2A72B05B-EE95-4840-A213-386199EC1D7C}.AppStore|Any CPU.Deploy.0 = AppStore|iPhone
		{2A72B05B-EE95-4840-A213-386199EC1D7C}.AppStore|iPhone.ActiveCfg = AppStore|iPhone
		{2A72B05B-EE95-4840-A213-386199EC1D7C}.AppStore|iPhone.Build.0 = AppStore|iPhone
		{2A72B05B-EE95-4840-A213-386199EC1D7C}.AppStore|iPhone.Deploy.0 = AppStore|iPhone
		{2A72B05B-EE95-4840-A213-386199EC1D7C}.AppStore|iPhoneSimulator.ActiveCfg = AppStore|iPhoneSimulator
		{2A72B05B-EE95-4840-A213-386199EC1D7C}.AppStore|iPhoneSimulator.Build.0 = AppStore|iPhoneSimulator
		{2A72B05B-EE95-4840-A213-386199EC1D7C}.AppStore|iPhoneSimulator.Deploy.0 = AppStore|iPhoneSimulator
		{2A72B05B-EE95-4840-A213-386199EC1D7C}.Debug|Any CPU.ActiveCfg = Debug|iPhoneSimulator
		{2A72B05B-EE95-4840-A213-386199EC1D7C}.Debug|Any CPU.Build.0 = Debug|iPhoneSimulator
		{2A72B05B-EE95-4840-A213-386199EC1D7C}.Debug|Any CPU.Deploy.0 = Debug|iPhoneSimulator
		{2A72B05B-EE95-4840-A213-386199EC1D7C}.Debug|iPhone.ActiveCfg = Debug|iPhone
		{2A72B05B-EE95-4840-A213-386199EC1D7C}.Debug|iPhone.Build.0 = Debug|iPhone
		{2A72B05B-EE95-4840-A213-386199EC1D7C}.Debug|iPhone.Deploy.0 = Debug|iPhone
		{2A72B05B-EE95-4840-A213-386199EC1D7C}.Debug|iPhoneSimulator.ActiveCfg = Debug|iPhoneSimulator
		{2A72B05B-EE95-4840-A213-386199EC1D7C}.Debug|iPhoneSimulator.Build.0 = Debug|iPhoneSimulator
		{2A72B05B-EE95-4840-A213-386199EC1D7C}.Debug|iPhoneSimulator.Deploy.0 = Debug|iPhoneSimulator
		{2A72B05B-EE95-4840-A213-386199EC1D7C}.Release|Any CPU.ActiveCfg = Release|iPhone
		{2A72B05B-EE95-4840-A213-386199EC1D7C}.Release|Any CPU.Build.0 = Release|iPhone
		{2A72B05B-EE95-4840-A213-386199EC1D7C}.Release|Any CPU.Deploy.0 = Release|iPhone
		{2A72B05B-EE95-4840-A213-386199EC1D7C}.Release|iPhone.ActiveCfg = Release|iPhone
		{2A72B05B-EE95-4840-A213-386199EC1D7C}.Release|iPhone.Build.0 = Release|iPhone
		{2A72B05B-EE95-4840-A213-386199EC1D7C}.Release|iPhone.Deploy.0 = Release|iPhone
		{2A72B05B-EE95-4840-A213-386199EC1D7C}.Release|iPhoneSimulator.ActiveCfg = Release|iPhoneSimulator
		{2A72B05B-EE95-4840-A213-386199EC1D7C}.Release|iPhoneSimulator.Build.0 = Release|iPhoneSimulator
		{2A72B05B-EE95-4840-A213-386199EC1D7C}.Release|iPhoneSimulator.Deploy.0 = Release|iPhoneSimulator
		{9E510796-1949-40AC-B4AC-20D7890EF633}.Ad-Hoc|Any CPU.ActiveCfg = Debug|Any CPU
		{9E510796-1949-40AC-B4AC-20D7890EF633}.Ad-Hoc|Any CPU.Build.0 = Debug|Any CPU
		{9E510796-1949-40AC-B4AC-20D7890EF633}.Ad-Hoc|Any CPU.Deploy.0 = Debug|Any CPU
		{9E510796-1949-40AC-B4AC-20D7890EF633}.Ad-Hoc|iPhone.ActiveCfg = Debug|Any CPU
		{9E510796-1949-40AC-B4AC-20D7890EF633}.Ad-Hoc|iPhone.Build.0 = Debug|Any CPU
		{9E510796-1949-40AC-B4AC-20D7890EF633}.Ad-Hoc|iPhone.Deploy.0 = Debug|Any CPU
		{9E510796-1949-40AC-B4AC-20D7890EF633}.Ad-Hoc|iPhoneSimulator.ActiveCfg = Debug|Any CPU
		{9E510796-1949-40AC-B4AC-20D7890EF633}.Ad-Hoc|iPhoneSimulator.Build.0 = Debug|Any CPU
		{9E510796-1949-40AC-B4AC-20D7890EF633}.Ad-Hoc|iPhoneSimulator.Deploy.0 = Debug|Any CPU
		{9E510796-1949-40AC-B4AC-20D7890EF633}.AppStore|Any CPU.ActiveCfg = Debug|Any CPU
		{9E510796-1949-40AC-B4AC-20D7890EF633}.AppStore|Any CPU.Build.0 = Debug|Any CPU
		{9E510796-1949-40AC-B4AC-20D7890EF633}.AppStore|Any CPU.Deploy.0 = Debug|Any CPU
		{9E510796-1949-40AC-B4AC-20D7890EF633}.AppStore|iPhone.ActiveCfg = Debug|Any CPU
		{9E510796-1949-40AC-B4AC-20D7890EF633}.AppStore|iPhone.Build.0 = Debug|Any CPU
		{9E510796-1949-40AC-B4AC-20D7890EF633}.AppStore|iPhone.Deploy.0 = Debug|Any CPU
		{9E510796-1949-40AC-B4AC-20D7890EF633}.AppStore|iPhoneSimulator.ActiveCfg = Debug|Any CPU
		{9E510796-1949-40AC-B4AC-20D7890EF633}.AppStore|iPhoneSimulator.Build.0 = Debug|Any CPU
		{9E510796-1949-40AC-B4AC-20D7890EF633}.AppStore|iPhoneSimulator.Deploy.0 = Debug|Any CPU
		{9E510796-1949-40AC-B4AC-20D7890EF633}.Debug|Any CPU.ActiveCfg = Debug|Any CPU
		{9E510796-1949-40AC-B4AC-20D7890EF633}.Debug|Any CPU.Build.0 = Debug|Any CPU
		{9E510796-1949-40AC-B4AC-20D7890EF633}.Debug|Any CPU.Deploy.0 = Debug|Any CPU
		{9E510796-1949-40AC-B4AC-20D7890EF633}.Debug|iPhone.ActiveCfg = Debug|Any CPU
		{9E510796-1949-40AC-B4AC-20D7890EF633}.Debug|iPhone.Build.0 = Debug|Any CPU
		{9E510796-1949-40AC-B4AC-20D7890EF633}.Debug|iPhone.Deploy.0 = Debug|Any CPU
		{9E510796-1949-40AC-B4AC-20D7890EF633}.Debug|iPhoneSimulator.ActiveCfg = Debug|Any CPU
		{9E510796-1949-40AC-B4AC-20D7890EF633}.Debug|iPhoneSimulator.Build.0 = Debug|Any CPU
		{9E510796-1949-40AC-B4AC-20D7890EF633}.Debug|iPhoneSimulator.Deploy.0 = Debug|Any CPU
		{9E510796-1949-40AC-B4AC-20D7890EF633}.Release|Any CPU.ActiveCfg = Release|Any CPU
		{9E510796-1949-40AC-B4AC-20D7890EF633}.Release|Any CPU.Build.0 = Release|Any CPU
		{9E510796-1949-40AC-B4AC-20D7890EF633}.Release|Any CPU.Deploy.0 = Release|Any CPU
		{9E510796-1949-40AC-B4AC-20D7890EF633}.Release|iPhone.ActiveCfg = Release|Any CPU
		{9E510796-1949-40AC-B4AC-20D7890EF633}.Release|iPhone.Build.0 = Release|Any CPU
		{9E510796-1949-40AC-B4AC-20D7890EF633}.Release|iPhone.Deploy.0 = Release|Any CPU
		{9E510796-1949-40AC-B4AC-20D7890EF633}.Release|iPhoneSimulator.ActiveCfg = Release|Any CPU
		{9E510796-1949-40AC-B4AC-20D7890EF633}.Release|iPhoneSimulator.Build.0 = Release|Any CPU
		{9E510796-1949-40AC-B4AC-20D7890EF633}.Release|iPhoneSimulator.Deploy.0 = Release|Any CPU
		{DD6CD7DC-EF22-4EE3-994A-CB1AFC8D93C7}.Ad-Hoc|Any CPU.ActiveCfg = Release|Any CPU
		{DD6CD7DC-EF22-4EE3-994A-CB1AFC8D93C7}.Ad-Hoc|Any CPU.Build.0 = Release|Any CPU
		{DD6CD7DC-EF22-4EE3-994A-CB1AFC8D93C7}.Ad-Hoc|iPhone.ActiveCfg = Release|Any CPU
		{DD6CD7DC-EF22-4EE3-994A-CB1AFC8D93C7}.Ad-Hoc|iPhone.Build.0 = Release|Any CPU
		{DD6CD7DC-EF22-4EE3-994A-CB1AFC8D93C7}.Ad-Hoc|iPhoneSimulator.ActiveCfg = Release|Any CPU
		{DD6CD7DC-EF22-4EE3-994A-CB1AFC8D93C7}.Ad-Hoc|iPhoneSimulator.Build.0 = Release|Any CPU
		{DD6CD7DC-EF22-4EE3-994A-CB1AFC8D93C7}.AppStore|Any CPU.ActiveCfg = Release|Any CPU
		{DD6CD7DC-EF22-4EE3-994A-CB1AFC8D93C7}.AppStore|Any CPU.Build.0 = Release|Any CPU
		{DD6CD7DC-EF22-4EE3-994A-CB1AFC8D93C7}.AppStore|iPhone.ActiveCfg = Release|Any CPU
		{DD6CD7DC-EF22-4EE3-994A-CB1AFC8D93C7}.AppStore|iPhone.Build.0 = Release|Any CPU
		{DD6CD7DC-EF22-4EE3-994A-CB1AFC8D93C7}.AppStore|iPhoneSimulator.ActiveCfg = Release|Any CPU
		{DD6CD7DC-EF22-4EE3-994A-CB1AFC8D93C7}.AppStore|iPhoneSimulator.Build.0 = Release|Any CPU
		{DD6CD7DC-EF22-4EE3-994A-CB1AFC8D93C7}.Debug|Any CPU.ActiveCfg = Debug|Any CPU
		{DD6CD7DC-EF22-4EE3-994A-CB1AFC8D93C7}.Debug|Any CPU.Build.0 = Debug|Any CPU
		{DD6CD7DC-EF22-4EE3-994A-CB1AFC8D93C7}.Debug|iPhone.ActiveCfg = Debug|Any CPU
		{DD6CD7DC-EF22-4EE3-994A-CB1AFC8D93C7}.Debug|iPhone.Build.0 = Debug|Any CPU
		{DD6CD7DC-EF22-4EE3-994A-CB1AFC8D93C7}.Debug|iPhoneSimulator.ActiveCfg = Debug|Any CPU
		{DD6CD7DC-EF22-4EE3-994A-CB1AFC8D93C7}.Debug|iPhoneSimulator.Build.0 = Debug|Any CPU
		{DD6CD7DC-EF22-4EE3-994A-CB1AFC8D93C7}.Release|Any CPU.ActiveCfg = Release|Any CPU
		{DD6CD7DC-EF22-4EE3-994A-CB1AFC8D93C7}.Release|Any CPU.Build.0 = Release|Any CPU
		{DD6CD7DC-EF22-4EE3-994A-CB1AFC8D93C7}.Release|iPhone.ActiveCfg = Release|Any CPU
		{DD6CD7DC-EF22-4EE3-994A-CB1AFC8D93C7}.Release|iPhone.Build.0 = Release|Any CPU
		{DD6CD7DC-EF22-4EE3-994A-CB1AFC8D93C7}.Release|iPhoneSimulator.ActiveCfg = Release|Any CPU
		{DD6CD7DC-EF22-4EE3-994A-CB1AFC8D93C7}.Release|iPhoneSimulator.Build.0 = Release|Any CPU
		{A74AC7A2-F83D-41C0-87CC-425C80C5B213}.Ad-Hoc|Any CPU.ActiveCfg = Release|Any CPU
		{A74AC7A2-F83D-41C0-87CC-425C80C5B213}.Ad-Hoc|Any CPU.Build.0 = Release|Any CPU
		{A74AC7A2-F83D-41C0-87CC-425C80C5B213}.Ad-Hoc|iPhone.ActiveCfg = Release|Any CPU
		{A74AC7A2-F83D-41C0-87CC-425C80C5B213}.Ad-Hoc|iPhone.Build.0 = Release|Any CPU
		{A74AC7A2-F83D-41C0-87CC-425C80C5B213}.Ad-Hoc|iPhoneSimulator.ActiveCfg = Release|Any CPU
		{A74AC7A2-F83D-41C0-87CC-425C80C5B213}.Ad-Hoc|iPhoneSimulator.Build.0 = Release|Any CPU
		{A74AC7A2-F83D-41C0-87CC-425C80C5B213}.AppStore|Any CPU.ActiveCfg = Release|Any CPU
		{A74AC7A2-F83D-41C0-87CC-425C80C5B213}.AppStore|Any CPU.Build.0 = Release|Any CPU
		{A74AC7A2-F83D-41C0-87CC-425C80C5B213}.AppStore|iPhone.ActiveCfg = Release|Any CPU
		{A74AC7A2-F83D-41C0-87CC-425C80C5B213}.AppStore|iPhone.Build.0 = Release|Any CPU
		{A74AC7A2-F83D-41C0-87CC-425C80C5B213}.AppStore|iPhoneSimulator.ActiveCfg = Release|Any CPU
		{A74AC7A2-F83D-41C0-87CC-425C80C5B213}.AppStore|iPhoneSimulator.Build.0 = Release|Any CPU
		{A74AC7A2-F83D-41C0-87CC-425C80C5B213}.Debug|Any CPU.ActiveCfg = Debug|Any CPU
		{A74AC7A2-F83D-41C0-87CC-425C80C5B213}.Debug|Any CPU.Build.0 = Debug|Any CPU
		{A74AC7A2-F83D-41C0-87CC-425C80C5B213}.Debug|iPhone.ActiveCfg = Debug|Any CPU
		{A74AC7A2-F83D-41C0-87CC-425C80C5B213}.Debug|iPhone.Build.0 = Debug|Any CPU
		{A74AC7A2-F83D-41C0-87CC-425C80C5B213}.Debug|iPhoneSimulator.ActiveCfg = Debug|Any CPU
		{A74AC7A2-F83D-41C0-87CC-425C80C5B213}.Debug|iPhoneSimulator.Build.0 = Debug|Any CPU
		{A74AC7A2-F83D-41C0-87CC-425C80C5B213}.Release|Any CPU.ActiveCfg = Release|Any CPU
		{A74AC7A2-F83D-41C0-87CC-425C80C5B213}.Release|Any CPU.Build.0 = Release|Any CPU
		{A74AC7A2-F83D-41C0-87CC-425C80C5B213}.Release|iPhone.ActiveCfg = Release|Any CPU
		{A74AC7A2-F83D-41C0-87CC-425C80C5B213}.Release|iPhone.Build.0 = Release|Any CPU
		{A74AC7A2-F83D-41C0-87CC-425C80C5B213}.Release|iPhoneSimulator.ActiveCfg = Release|Any CPU
		{A74AC7A2-F83D-41C0-87CC-425C80C5B213}.Release|iPhoneSimulator.Build.0 = Release|Any CPU
	EndGlobalSection
	GlobalSection(SolutionProperties) = preSolution
		HideSolutionNode = FALSE
	EndGlobalSection
	GlobalSection(ExtensibilityGlobals) = postSolution
		SolutionGuid = {96829E07-95BC-40A4-AB3A-337F72510FA8}
	EndGlobalSection
EndGlobal
